{
    "_meta": {
        "hash": {
            "sha256": "164ab7ca9f3a75ac22e5b1fdbd04134e5002a636bb634ccb60db96a5eb49987d"
        },
        "pipfile-spec": 6,
        "requires": {
            "python_version": "3.6"
        },
        "sources": [
            {
                "name": "pypi",
                "url": "https://pypi.org/simple",
                "verify_ssl": true
            }
        ]
    },
    "default": {
        "asgiref": {
            "hashes": [
                "sha256:4ef1ab46b484e3c706329cedeff284a5d40824200638503f5768edb6de7d58e9",
                "sha256:ffc141aa908e6f175673e7b1b3b7af4fdb0ecb738fc5c8b88f69f055c2415214"
            ],
            "markers": "python_version >= '3.6'",
            "version": "==3.4.1"
        },
        "beautifulsoup4": {
            "hashes": [
                "sha256:9a315ce70049920ea4572a4055bc4bd700c940521d36fc858205ad4fcde149bf",
                "sha256:c23ad23c521d818955a4151a67d81580319d4bf548d3d49f4223ae041ff98891"
            ],
            "markers": "python_version >= '3.1'",
            "version": "==4.10.0"
        },
        "django": {
            "hashes": [
                "sha256:9f8be75646f62204320b195062b1d696ba28aa3d45ee72fb7c888ffaebc5bdb2",
                "sha256:a6e0d1ff11095b7394c079ade7094c73b2dc3df4a7a373c9b58ed73b77a97feb"
            ],
            "index": "pypi",
            "version": "==3.1.13"
        },
        "django-bootstrap4": {
            "hashes": [
                "sha256:aa8a9cb5ab27cfae52a27d377a0401af268d0e4b91a5f8e660546464582cc010",
                "sha256:c5c97fb473bb56e3a91b4f4be52b74a3fc384ec3baae50dd0807fa922a55ec2b"
            ],
            "index": "pypi",
            "version": "==3.0.1"
        },
        "django-widget-tweaks": {
            "hashes": [
                "sha256:9f91ca4217199b7671971d3c1f323a2bec71a0c27dec6260b3c006fa541bc489",
                "sha256:f80bff4a8a59b278bb277a405a76a8b9a884e4bae7a6c70e78a39c626cd1c836"
            ],
            "index": "pypi",
            "version": "==1.4.8"
        },
        "importlib-metadata": {
            "hashes": [
                "sha256:b8de9eff2b35fb037368f28a7df1df4e6436f578fa74423505b6c6a778d5b5dd",
                "sha256:c2d6341ff566f609e89a2acb2db190e5e1d23d5409d6cc8d2fe34d72443876d4"
            ],
            "markers": "python_version < '3.8'",
            "version": "==2.1.1"
        },
        "pytz": {
            "hashes": [
                "sha256:83a4a90894bf38e243cf052c8b58f381bfe9a7a483f6a9cab140bc7f702ac4da",
                "sha256:eb10ce3e7736052ed3623d49975ce333bcd712c7bb19a58b9e2089d4057d0798"
            ],
            "version": "==2021.1"
        },
        "soupsieve": {
            "hashes": [
                "sha256:052774848f448cf19c7e959adf5566904d525f33a3f8b6ba6f6f8f26ec7de0cc",
                "sha256:c2c1c2d44f158cdbddab7824a9af8c4f83c76b1e23e049479aa432feb6c4c23b"
            ],
            "markers": "python_version >= '3.6'",
            "version": "==2.2.1"
        },
        "sqlparse": {
            "hashes": [
                "sha256:0c00730c74263a94e5a9919ade150dfc3b19c574389985446148402998287dae",
                "sha256:48719e356bb8b42991bdbb1e8b83223757b93789c00910a616a071910ca4a64d"
            ],
            "markers": "python_version >= '3.5'",
            "version": "==0.4.2"
        },
        "typing-extensions": {
            "hashes": [
                "sha256:49f75d16ff11f1cd258e1b988ccff82a3ca5570217d7ad8c5f48205dd99a677e",
                "sha256:d8226d10bc02a29bcc81df19a26e56a9647f8b0a6d4a83924139f4a8b01f17b7",
                "sha256:f1d25edafde516b146ecd0613dabcc61409817af4766fbbcfb8d1ad4ec441a34"
            ],
            "markers": "python_version < '3.8'",
            "version": "==3.10.0.2"
        },
        "zipp": {
            "hashes": [
                "sha256:957cfda87797e389580cb8b9e3870841ca991e2125350677b2ca83a0e99390a3",
                "sha256:f5812b1e007e48cff63449a5e9f4e7ebea716b4111f9c4f9a645f91d579bf0c4"
            ],
            "markers": "python_version >= '3.6'",
            "version": "==3.5.0"
        }
    },
    "develop": {}
}
